
Microsoft Visual Studio Solution File, Format Version 12.00
# Visual Studio Version 17
VisualStudioVersion = 17.4.33122.133
MinimumVisualStudioVersion = 10.0.40219.1
Project("{FAE04EC0-301F-11D3-BF4B-00C04F79EFBC}") = "AprendiendoCsh", "AprendiendoCsh\AprendiendoCsh.csproj", "{CBEF1FC9-92D3-40A1-86DA-C26E978C913E}"
EndProject
Global
	GlobalSection(SolutionConfigurationPlatforms) = preSolution
		Debug|Any CPU = Debug|Any CPU
		Release|Any CPU = Release|Any CPU
	EndGlobalSection
	GlobalSection(ProjectConfigurationPlatforms) = postSolution
		{CBEF1FC9-92D3-40A1-86DA-C26E978C913E}.Debug|Any CPU.ActiveCfg = Debug|Any CPU
		{CBEF1FC9-92D3-40A1-86DA-C26E978C913E}.Debug|Any CPU.Build.0 = Debug|Any CPU
		{CBEF1FC9-92D3-40A1-86DA-C26E978C913E}.Release|Any CPU.ActiveCfg = Release|Any CPU
		{CBEF1FC9-92D3-40A1-86DA-C26E978C913E}.Release|Any CPU.Build.0 = Release|Any CPU
	EndGlobalSection
	GlobalSection(SolutionProperties) = preSolution
		HideSolutionNode = FALSE
	EndGlobalSection
	GlobalSection(ExtensibilityGlobals) = postSolution
		SolutionGuid = {A2581D4C-37EB-49D4-8F83-D1067883BAF7}
	EndGlobalSection
EndGlobal
